
Microsoft Visual Studio Solution File, Format Version 12.00
# Visual Studio Version 17
VisualStudioVersion = 17.9.34607.119
MinimumVisualStudioVersion = 10.0.40219.1
Project("{FAE04EC0-301F-11D3-BF4B-00C04F79EFBC}") = "CrealityKEGCodeRunner", "CrealityKEGCodeRunner\CrealityKEGCodeRunner.csproj", "{7787DAA9-EACB-42C2-98EF-C96D65796296}"
EndProject
Global
	GlobalSection(SolutionConfigurationPlatforms) = preSolution
		Debug|Any CPU = Debug|Any CPU
		Release|Any CPU = Release|Any CPU
	EndGlobalSection
	GlobalSection(ProjectConfigurationPlatforms) = postSolution
		{7787DAA9-EACB-42C2-98EF-C96D65796296}.Debug|Any CPU.ActiveCfg = Debug|Any CPU
		{7787DAA9-EACB-42C2-98EF-C96D65796296}.Debug|Any CPU.Build.0 = Debug|Any CPU
		{7787DAA9-EACB-42C2-98EF-C96D65796296}.Release|Any CPU.ActiveCfg = Release|Any CPU
		{7787DAA9-EACB-42C2-98EF-C96D65796296}.Release|Any CPU.Build.0 = Release|Any CPU
	EndGlobalSection
	GlobalSection(SolutionProperties) = preSolution
		HideSolutionNode = FALSE
	EndGlobalSection
	GlobalSection(ExtensibilityGlobals) = postSolution
		SolutionGuid = {5E2DA7BC-F72B-4394-84D7-97A1442C95E6}
	EndGlobalSection
EndGlobal
